PODS:
  - Bolts (1.2.2):
    - Bolts/AppLinks (= 1.2.2)
    - Bolts/Tasks (= 1.2.2)
  - Bolts/AppLinks (1.2.2):
    - Bolts/Tasks
  - Bolts/Tasks (1.2.2)
  - Facebook-iOS-SDK (3.24.0):
    - Bolts (~> 1.2)
  - FBSDKCoreKit (4.6.0):
    - Bolts (~> 1.1)
    - FBSDKCoreKit/arc (= 4.6.0)
    - FBSDKCoreKit/no-arc (= 4.6.0)
  - FBSDKCoreKit/arc (4.6.0):
    - Bolts (~> 1.1)
  - FBSDKCoreKit/no-arc (4.6.0):
    - Bolts (~> 1.1)
    - FBSDKCoreKit/arc
  - FBSDKLoginKit (4.6.0):
    - FBSDKCoreKit
  - Firebase (2.3.3)
  - kingpin (0.3.0)
  - LocationKit (2.2.5)
  - Parse (1.8.4):
    - Bolts/Tasks (>= 1.2.2)
  - ParseFacebookUtils (1.8.4):
    - Bolts/Tasks (>= 1.2.2)
    - Facebook-iOS-SDK (~> 3.24)
    - Parse (~> 1.8.4)
  - ParseUI (1.1.6):
    - Bolts/Tasks (~> 1.2)
    - Parse (~> 1.8)

DEPENDENCIES:
  - FBSDKCoreKit
  - FBSDKLoginKit
  - Firebase
  - kingpin
  - LocationKit
  - Parse
  - ParseFacebookUtils
  - ParseUI

SPEC CHECKSUMS:
  Bolts: 20a2bd788273360cb1e31530dc19b8544eef2544
  Facebook-iOS-SDK: cb209af2e67e3a5d323f966c22e4e482e819405e
  FBSDKCoreKit: 9954492d90c5fd65ae831395697a1660360d61f1
  FBSDKLoginKit: 3d07febbfa884b9878cacba54f705bb41f07d4b6
  Firebase: 2db60272f68ce40c7d47e5ae6eddc16977c65d4c
  kingpin: 2976d472da6bfa1452ebeda768dd089226523aa8
  LocationKit: eb55b4e0c60408dc175f3c61e5aa6c454203ca4b
  Parse: c09d6efe4b2eea752765bc6f365a55516d909079
  ParseFacebookUtils: ec77682d2bde85d9a34149005c062b97f244e3dc
  ParseUI: 8a22e448c03f825203d8c379c80523517f68baa3

COCOAPODS: 0.38.2
