// !$*UTF8*$!
{
	archiveVersion = 1;
	classes = {
	};
	objectVersion = 46;
	objects = {

/* Begin PBXBuildFile section */
		352972CE1BD2B91B007EA043 /* onboardingBackgroundSignup@2x.png in Resources */ = {isa = PBXBuildFile; fileRef = 352972CD1BD2B91B007EA043 /* onboardingBackgroundSignup@2x.png */; settings = {ASSET_TAGS = (); }; };
		3547D43C1BD46472005E5C04 /* newBubble@2x.png in Resources */ = {isa = PBXBuildFile; fileRef = 3547D4391BD46472005E5C04 /* newBubble@2x.png */; settings = {ASSET_TAGS = (); }; };
		3547D43D1BD46472005E5C04 /* newPin@2x.png in Resources */ = {isa = PBXBuildFile; fileRef = 3547D43A1BD46472005E5C04 /* newPin@2x.png */; settings = {ASSET_TAGS = (); }; };
		3547D43E1BD46472005E5C04 /* onboardingBackgroundSignup@2x.png in Resources */ = {isa = PBXBuildFile; fileRef = 3547D43B1BD46472005E5C04 /* onboardingBackgroundSignup@2x.png */; settings = {ASSET_TAGS = (); }; };
		35872A8D1BC5D49C004E99C6 /* SONUXViewController.swift in Sources */ = {isa = PBXBuildFile; fileRef = 35872A8B1BC5D49C004E99C6 /* SONUXViewController.swift */; settings = {ASSET_TAGS = (); }; };
		35C24C2A1BD3FFE600A62969 /* newBubble@2x.png in Resources */ = {isa = PBXBuildFile; fileRef = 35C24C281BD3FFE600A62969 /* newBubble@2x.png */; settings = {ASSET_TAGS = (); }; };
		35C24C2B1BD3FFE600A62969 /* newPin@2x.png in Resources */ = {isa = PBXBuildFile; fileRef = 35C24C291BD3FFE600A62969 /* newPin@2x.png */; settings = {ASSET_TAGS = (); }; };
		8F0455CF1BA367DA003A3C55 /* MapKit.framework in Frameworks */ = {isa = PBXBuildFile; fileRef = 8F0455CE1BA367DA003A3C55 /* MapKit.framework */; };
		8F0AA2661BD2F8960068AE38 /* shoutoutGrayLogo.png in Resources */ = {isa = PBXBuildFile; fileRef = 8F0AA2641BD2F8960068AE38 /* shoutoutGrayLogo.png */; settings = {ASSET_TAGS = (); }; };
		8F0AA2671BD2F8960068AE38 /* shoutoutWhiteLogo.png in Resources */ = {isa = PBXBuildFile; fileRef = 8F0AA2651BD2F8960068AE38 /* shoutoutWhiteLogo.png */; settings = {ASSET_TAGS = (); }; };
		8F0AA2691BD2FAA40068AE38 /* statusCancelButton.png in Resources */ = {isa = PBXBuildFile; fileRef = 8F0AA2681BD2FAA40068AE38 /* statusCancelButton.png */; settings = {ASSET_TAGS = (); }; };
		8F0AA26F1BD3E2FA0068AE38 /* SOFirebaseDelegate.m in Sources */ = {isa = PBXBuildFile; fileRef = 8F0AA26E1BD3E2FA0068AE38 /* SOFirebaseDelegate.m */; settings = {ASSET_TAGS = (); }; };
		8F0BBC6D1BA1E56C00F9851B /* SOTutorialPermissionsViewController.swift in Sources */ = {isa = PBXBuildFile; fileRef = 8F0BBC6C1BA1E56C00F9851B /* SOTutorialPermissionsViewController.swift */; };
		8F168CE71BADDF94000D18D0 /* SOPinView.xib in Resources */ = {isa = PBXBuildFile; fileRef = 8F168CE61BADDF94000D18D0 /* SOPinView.xib */; settings = {ASSET_TAGS = (); }; };
		8F1EBED71BB9935C009DA90F /* gradient.png in Resources */ = {isa = PBXBuildFile; fileRef = 8F1EBED61BB9935C009DA90F /* gradient.png */; settings = {ASSET_TAGS = (); }; };
		8F1F1DA31BAB1F1600506239 /* cluster.png in Resources */ = {isa = PBXBuildFile; fileRef = 8F1F1DA01BAB1F1600506239 /* cluster.png */; settings = {ASSET_TAGS = (); }; };
		8F1F1DA41BAB1F1600506239 /* more.png in Resources */ = {isa = PBXBuildFile; fileRef = 8F1F1DA11BAB1F1600506239 /* more.png */; settings = {ASSET_TAGS = (); }; };
		8F1F1DA51BAB1F1600506239 /* myLocation.png in Resources */ = {isa = PBXBuildFile; fileRef = 8F1F1DA21BAB1F1600506239 /* myLocation.png */; settings = {ASSET_TAGS = (); }; };
		8F1F1DA71BAB22C400506239 /* shoutout_green.png in Resources */ = {isa = PBXBuildFile; fileRef = 8F1F1DA61BAB22C400506239 /* shoutout_green.png */; settings = {ASSET_TAGS = (); }; };
		8F2011361BC2C1FB00EEF1E9 /* SOFeedbackViewController.swift in Sources */ = {isa = PBXBuildFile; fileRef = 8F2011351BC2C1FB00EEF1E9 /* SOFeedbackViewController.swift */; settings = {ASSET_TAGS = (); }; };
		8F28BEE01BA1104A00FD0999 /* add.png in Resources */ = {isa = PBXBuildFile; fileRef = 8F28BEBD1BA1104A00FD0999 /* add.png */; };
		8F28BEE11BA1104A00FD0999 /* addPin.png in Resources */ = {isa = PBXBuildFile; fileRef = 8F28BEBE1BA1104A00FD0999 /* addPin.png */; };
		8F28BEE21BA1104A00FD0999 /* addPinWindow.png in Resources */ = {isa = PBXBuildFile; fileRef = 8F28BEBF1BA1104A00FD0999 /* addPinWindow.png */; };
		8F28BEE31BA1104A00FD0999 /* addShout.png in Resources */ = {isa = PBXBuildFile; fileRef = 8F28BEC01BA1104A00FD0999 /* addShout.png */; };
		8F28BEE41BA1104A00FD0999 /* addShoutWindow.png in Resources */ = {isa = PBXBuildFile; fileRef = 8F28BEC11BA1104A00FD0999 /* addShoutWindow.png */; };
		8F28BEE51BA1104A00FD0999 /* allSelectedFilter.png in Resources */ = {isa = PBXBuildFile; fileRef = 8F28BEC21BA1104A00FD0999 /* allSelectedFilter.png */; };
		8F28BEE61BA1104A00FD0999 /* androidIcon.png in Resources */ = {isa = PBXBuildFile; fileRef = 8F28BEC31BA1104A00FD0999 /* androidIcon.png */; };
		8F28BEE71BA1104A00FD0999 /* background.png in Resources */ = {isa = PBXBuildFile; fileRef = 8F28BEC41BA1104A00FD0999 /* background.png */; };
		8F28BEE81BA1104A00FD0999 /* bigIcon.png in Resources */ = {isa = PBXBuildFile; fileRef = 8F28BEC51BA1104A00FD0999 /* bigIcon.png */; };
		8F28BEE91BA1104A00FD0999 /* filterBoth.png in Resources */ = {isa = PBXBuildFile; fileRef = 8F28BEC61BA1104A00FD0999 /* filterBoth.png */; };
		8F28BEEA1BA1104A00FD0999 /* filterLeft.png in Resources */ = {isa = PBXBuildFile; fileRef = 8F28BEC71BA1104A00FD0999 /* filterLeft.png */; };
		8F28BEEB1BA1104A00FD0999 /* filterNone.png in Resources */ = {isa = PBXBuildFile; fileRef = 8F28BEC81BA1104A00FD0999 /* filterNone.png */; };
		8F28BEEC1BA1104A00FD0999 /* filterRight.png in Resources */ = {isa = PBXBuildFile; fileRef = 8F28BEC91BA1104A00FD0999 /* filterRight.png */; };
		8F28BEED1BA1104A00FD0999 /* friendSelectedFilter.png in Resources */ = {isa = PBXBuildFile; fileRef = 8F28BECA1BA1104A00FD0999 /* friendSelectedFilter.png */; };
		8F28BEEE1BA1104A00FD0999 /* leftArrow.png in Resources */ = {isa = PBXBuildFile; fileRef = 8F28BECB1BA1104A00FD0999 /* leftArrow.png */; };
		8F28BEEF1BA1104A00FD0999 /* meSelectedFilter.png in Resources */ = {isa = PBXBuildFile; fileRef = 8F28BECC1BA1104A00FD0999 /* meSelectedFilter.png */; };
		8F28BEF01BA1104A00FD0999 /* messages.png in Resources */ = {isa = PBXBuildFile; fileRef = 8F28BECD1BA1104A00FD0999 /* messages.png */; };
		8F28BEF11BA1104A00FD0999 /* messagesPopup.png in Resources */ = {isa = PBXBuildFile; fileRef = 8F28BECE1BA1104A00FD0999 /* messagesPopup.png */; };
		8F28BEF21BA1104A00FD0999 /* pinBubble.png in Resources */ = {isa = PBXBuildFile; fileRef = 8F28BECF1BA1104A00FD0999 /* pinBubble.png */; };
		8F28BEF31BA1104A00FD0999 /* pinBubbleAll.png in Resources */ = {isa = PBXBuildFile; fileRef = 8F28BED01BA1104A00FD0999 /* pinBubbleAll.png */; };
		8F28BEF41BA1104A00FD0999 /* pinBubbleIcons.png in Resources */ = {isa = PBXBuildFile; fileRef = 8F28BED11BA1104A00FD0999 /* pinBubbleIcons.png */; };
		8F28BEF51BA1104A00FD0999 /* pinBubbleMore.png in Resources */ = {isa = PBXBuildFile; fileRef = 8F28BED21BA1104A00FD0999 /* pinBubbleMore.png */; };
		8F28BEF61BA1104A00FD0999 /* pinBubbleText.png in Resources */ = {isa = PBXBuildFile; fileRef = 8F28BED31BA1104A00FD0999 /* pinBubbleText.png */; };
		8F28BEF71BA1104A00FD0999 /* pinWindowOptions.png in Resources */ = {isa = PBXBuildFile; fileRef = 8F28BED41BA1104A00FD0999 /* pinWindowOptions.png */; };
		8F28BEF81BA1104A00FD0999 /* pressedAdd.png in Resources */ = {isa = PBXBuildFile; fileRef = 8F28BED51BA1104A00FD0999 /* pressedAdd.png */; };
		8F28BEF91BA1104A00FD0999 /* rightArrow.png in Resources */ = {isa = PBXBuildFile; fileRef = 8F28BED61BA1104A00FD0999 /* rightArrow.png */; };
		8F28BEFA1BA1104A00FD0999 /* rsz_bigicon.png in Resources */ = {isa = PBXBuildFile; fileRef = 8F28BED71BA1104A00FD0999 /* rsz_bigicon.png */; };
		8F28BEFB1BA1104A00FD0999 /* search.png in Resources */ = {isa = PBXBuildFile; fileRef = 8F28BED81BA1104A00FD0999 /* search.png */; };
		8F28BEFC1BA1104A00FD0999 /* settings.png in Resources */ = {isa = PBXBuildFile; fileRef = 8F28BED91BA1104A00FD0999 /* settings.png */; };
		8F28BEFD1BA1104A00FD0999 /* shoutBubble.png in Resources */ = {isa = PBXBuildFile; fileRef = 8F28BEDA1BA1104A00FD0999 /* shoutBubble.png */; };
		8F28BEFE1BA1104A00FD0999 /* shoutBubbleAll.png in Resources */ = {isa = PBXBuildFile; fileRef = 8F28BEDB1BA1104A00FD0999 /* shoutBubbleAll.png */; };
		8F28BEFF1BA1104A00FD0999 /* shoutBubbleIcons.png in Resources */ = {isa = PBXBuildFile; fileRef = 8F28BEDC1BA1104A00FD0999 /* shoutBubbleIcons.png */; };
		8F28BF001BA1104A00FD0999 /* shoutBubbleMore.png in Resources */ = {isa = PBXBuildFile; fileRef = 8F28BEDD1BA1104A00FD0999 /* shoutBubbleMore.png */; };
		8F28BF011BA1104A00FD0999 /* shoutBubbleText.png in Resources */ = {isa = PBXBuildFile; fileRef = 8F28BEDE1BA1104A00FD0999 /* shoutBubbleText.png */; };
		8F28BF021BA1104A00FD0999 /* shoutOptions.png in Resources */ = {isa = PBXBuildFile; fileRef = 8F28BEDF1BA1104A00FD0999 /* shoutOptions.png */; };
		8F3DA50C1BB30E5600338279 /* SOSettingsViewController.swift in Sources */ = {isa = PBXBuildFile; fileRef = 8F3DA50B1BB30E5600338279 /* SOSettingsViewController.swift */; settings = {ASSET_TAGS = (); }; };
		8F4D24DB1BD3EBB300A3B6A1 /* SOComposeStatusView.m in Sources */ = {isa = PBXBuildFile; fileRef = 8F4D24DA1BD3EBB300A3B6A1 /* SOComposeStatusView.m */; settings = {ASSET_TAGS = (); }; };
		8F728E571BB0B32700ACC973 /* SOInboxViewController.swift in Sources */ = {isa = PBXBuildFile; fileRef = 8F728E561BB0B32700ACC973 /* SOInboxViewController.swift */; settings = {ASSET_TAGS = (); }; };
		8F7CA1E61BA07B4500B3C28A /* ShoutRMMarker.m in Sources */ = {isa = PBXBuildFile; fileRef = 8F7CA1E51BA07B4500B3C28A /* ShoutRMMarker.m */; };
		8F8D47731B976DB900D902B9 /* main.m in Sources */ = {isa = PBXBuildFile; fileRef = 8F8D47721B976DB900D902B9 /* main.m */; };
		8F8D47761B976DB900D902B9 /* AppDelegate.m in Sources */ = {isa = PBXBuildFile; fileRef = 8F8D47751B976DB900D902B9 /* AppDelegate.m */; };
		8F8D47791B976DB900D902B9 /* ViewController.m in Sources */ = {isa = PBXBuildFile; fileRef = 8F8D47781B976DB900D902B9 /* ViewController.m */; };
		8F8D477C1B976DB900D902B9 /* Main.storyboard in Resources */ = {isa = PBXBuildFile; fileRef = 8F8D477A1B976DB900D902B9 /* Main.storyboard */; };
		8F8D477E1B976DB900D902B9 /* Images.xcassets in Resources */ = {isa = PBXBuildFile; fileRef = 8F8D477D1B976DB900D902B9 /* Images.xcassets */; };
		8F8D47811B976DB900D902B9 /* LaunchScreen.xib in Resources */ = {isa = PBXBuildFile; fileRef = 8F8D477F1B976DB900D902B9 /* LaunchScreen.xib */; };
		8F8D478D1B976DB900D902B9 /* shoutoutTests.m in Sources */ = {isa = PBXBuildFile; fileRef = 8F8D478C1B976DB900D902B9 /* shoutoutTests.m */; };
		8F8D47981B97717C00D902B9 /* Settings.bundle in Resources */ = {isa = PBXBuildFile; fileRef = 8F8D47971B97717C00D902B9 /* Settings.bundle */; };
		8F8D479B1B97809B00D902B9 /* LocationManager.m in Sources */ = {isa = PBXBuildFile; fileRef = 8F8D479A1B97809A00D902B9 /* LocationManager.m */; };
		8F8D47A21B97ECA700D902B9 /* shoutout_white.png in Resources */ = {isa = PBXBuildFile; fileRef = 8F8D479F1B97ECA700D902B9 /* shoutout_white.png */; };
		8F8D47AF1B98B6CD00D902B9 /* SOAnnotation.m in Sources */ = {isa = PBXBuildFile; fileRef = 8F8D47AE1B98B6CD00D902B9 /* SOAnnotation.m */; };
		8F9A48CF1BA3BDB8002C68EE /* MKMapView+ZoomLevel.m in Sources */ = {isa = PBXBuildFile; fileRef = 8F9A48CE1BA3BDB8002C68EE /* MKMapView+ZoomLevel.m */; };
		8F9A48D21BA66F0D002C68EE /* ShoutClusterMarker.m in Sources */ = {isa = PBXBuildFile; fileRef = 8F9A48D11BA66F0D002C68EE /* ShoutClusterMarker.m */; };
		8FA6760B1BB1C1CF00CAA8EA /* anon.jpg in Resources */ = {isa = PBXBuildFile; fileRef = 8FA6760A1BB1C1CF00CAA8EA /* anon.jpg */; settings = {ASSET_TAGS = (); }; };
		8FA956C01BC050E2003C7357 /* SOMarkerSubView.m in Sources */ = {isa = PBXBuildFile; fileRef = 8FA956BF1BC050E1003C7357 /* SOMarkerSubView.m */; settings = {ASSET_TAGS = (); }; };
		8FA956C21BC05F16003C7357 /* SOCreateProfileViewController.swift in Sources */ = {isa = PBXBuildFile; fileRef = 8FA956C11BC05F16003C7357 /* SOCreateProfileViewController.swift */; settings = {ASSET_TAGS = (); }; };
		8FBAA38A1BCF3AB100EC3B3F /* onboardingBackground@2x.png in Resources */ = {isa = PBXBuildFile; fileRef = 8FBAA3851BCF3AB100EC3B3F /* onboardingBackground@2x.png */; settings = {ASSET_TAGS = (); }; };
		8FBAA38B1BCF3AB100EC3B3F /* onboardingPage1@2x.png in Resources */ = {isa = PBXBuildFile; fileRef = 8FBAA3861BCF3AB100EC3B3F /* onboardingPage1@2x.png */; settings = {ASSET_TAGS = (); }; };
		8FBAA38C1BCF3AB100EC3B3F /* onboardingPage2@2x.png in Resources */ = {isa = PBXBuildFile; fileRef = 8FBAA3871BCF3AB100EC3B3F /* onboardingPage2@2x.png */; settings = {ASSET_TAGS = (); }; };
		8FBAA38D1BCF3AB100EC3B3F /* onboardingPage3@2x.png in Resources */ = {isa = PBXBuildFile; fileRef = 8FBAA3881BCF3AB100EC3B3F /* onboardingPage3@2x.png */; settings = {ASSET_TAGS = (); }; };
		8FBAA38E1BCF3AB100EC3B3F /* onboardingPage4@2x.png in Resources */ = {isa = PBXBuildFile; fileRef = 8FBAA3891BCF3AB100EC3B3F /* onboardingPage4@2x.png */; settings = {ASSET_TAGS = (); }; };
		8FD047C41BB1C11000A28B70 /* shoutSpeechBubble.png in Resources */ = {isa = PBXBuildFile; fileRef = 8FD047C31BB1C11000A28B70 /* shoutSpeechBubble.png */; settings = {ASSET_TAGS = (); }; };
		8FD3BAC71BC1B3A2007C8D24 /* SOSignInViewController.swift in Sources */ = {isa = PBXBuildFile; fileRef = 8FD3BAC61BC1B3A2007C8D24 /* SOSignInViewController.swift */; settings = {ASSET_TAGS = (); }; };
		8FDD68E11BB20CC90070B123 /* shoutSpeechBubble@2x.png in Resources */ = {isa = PBXBuildFile; fileRef = 8FDD68E01BB20CC90070B123 /* shoutSpeechBubble@2x.png */; settings = {ASSET_TAGS = (); }; };
		8FE009101BAC787F00C30BF2 /* SOMapViewDelegate.m in Sources */ = {isa = PBXBuildFile; fileRef = 8FE0090F1BAC787F00C30BF2 /* SOMapViewDelegate.m */; settings = {ASSET_TAGS = (); }; };
		999C19E811FC92E4CF9326E7 /* libPods-shoutout.a in Frameworks */ = {isa = PBXBuildFile; fileRef = BBF3B612BE40D36E3DB703F4 /* libPods-shoutout.a */; };
/* End PBXBuildFile section */

/* Begin PBXContainerItemProxy section */
		8F8D47871B976DB900D902B9 /* PBXContainerItemProxy */ = {
			isa = PBXContainerItemProxy;
			containerPortal = 8F8D47651B976DB900D902B9 /* Project object */;
			proxyType = 1;
			remoteGlobalIDString = 8F8D476C1B976DB900D902B9;
			remoteInfo = shoutout;
		};
/* End PBXContainerItemProxy section */

/* Begin PBXFileReference section */
		08A71E57CEBF1AF770B6F58A /* Pods-shoutout.debug.xcconfig */ = {isa = PBXFileReference; includeInIndex = 1; lastKnownFileType = text.xcconfig; name = "Pods-shoutout.debug.xcconfig"; path = "Pods/Target Support Files/Pods-shoutout/Pods-shoutout.debug.xcconfig"; sourceTree = "<group>"; };
		352972CD1BD2B91B007EA043 /* onboardingBackgroundSignup@2x.png */ = {isa = PBXFileReference; lastKnownFileType = image.png; path = "onboardingBackgroundSignup@2x.png"; sourceTree = "<group>"; };
		3547D4391BD46472005E5C04 /* newBubble@2x.png */ = {isa = PBXFileReference; lastKnownFileType = image.png; name = "newBubble@2x.png"; path = "images/newBubble@2x.png"; sourceTree = "<group>"; };
		3547D43A1BD46472005E5C04 /* newPin@2x.png */ = {isa = PBXFileReference; lastKnownFileType = image.png; name = "newPin@2x.png"; path = "images/newPin@2x.png"; sourceTree = "<group>"; };
		3547D43B1BD46472005E5C04 /* onboardingBackgroundSignup@2x.png */ = {isa = PBXFileReference; lastKnownFileType = image.png; name = "onboardingBackgroundSignup@2x.png"; path = "images/onboardingBackgroundSignup@2x.png"; sourceTree = "<group>"; };
		35872A8B1BC5D49C004E99C6 /* SONUXViewController.swift */ = {isa = PBXFileReference; fileEncoding = 4; lastKnownFileType = sourcecode.swift; path = SONUXViewController.swift; sourceTree = "<group>"; };
		35C24C281BD3FFE600A62969 /* newBubble@2x.png */ = {isa = PBXFileReference; lastKnownFileType = image.png; path = "newBubble@2x.png"; sourceTree = "<group>"; };
		35C24C291BD3FFE600A62969 /* newPin@2x.png */ = {isa = PBXFileReference; lastKnownFileType = image.png; path = "newPin@2x.png"; sourceTree = "<group>"; };
		8F0455CE1BA367DA003A3C55 /* MapKit.framework */ = {isa = PBXFileReference; lastKnownFileType = wrapper.framework; name = MapKit.framework; path = System/Library/Frameworks/MapKit.framework; sourceTree = SDKROOT; };
		8F0AA2641BD2F8960068AE38 /* shoutoutGrayLogo.png */ = {isa = PBXFileReference; lastKnownFileType = image.png; name = shoutoutGrayLogo.png; path = images/shoutoutGrayLogo.png; sourceTree = "<group>"; };
		8F0AA2651BD2F8960068AE38 /* shoutoutWhiteLogo.png */ = {isa = PBXFileReference; lastKnownFileType = image.png; name = shoutoutWhiteLogo.png; path = images/shoutoutWhiteLogo.png; sourceTree = "<group>"; };
		8F0AA2681BD2FAA40068AE38 /* statusCancelButton.png */ = {isa = PBXFileReference; lastKnownFileType = image.png; name = statusCancelButton.png; path = images/statusCancelButton.png; sourceTree = "<group>"; };
		8F0AA26D1BD3E2FA0068AE38 /* SOFirebaseDelegate.h */ = {isa = PBXFileReference; fileEncoding = 4; lastKnownFileType = sourcecode.c.h; path = SOFirebaseDelegate.h; sourceTree = "<group>"; };
		8F0AA26E1BD3E2FA0068AE38 /* SOFirebaseDelegate.m */ = {isa = PBXFileReference; fileEncoding = 4; lastKnownFileType = sourcecode.c.objc; path = SOFirebaseDelegate.m; sourceTree = "<group>"; };
		8F0BBC6B1BA1E56C00F9851B /* shoutout-Bridging-Header.h */ = {isa = PBXFileReference; lastKnownFileType = sourcecode.c.h; path = "shoutout-Bridging-Header.h"; sourceTree = "<group>"; };
		8F0BBC6C1BA1E56C00F9851B /* SOTutorialPermissionsViewController.swift */ = {isa = PBXFileReference; fileEncoding = 4; lastKnownFileType = sourcecode.swift; path = SOTutorialPermissionsViewController.swift; sourceTree = "<group>"; };
		8F168CE51BAC9D70000D18D0 /* UIUC.gpx */ = {isa = PBXFileReference; lastKnownFileType = text.xml; path = UIUC.gpx; sourceTree = "<group>"; };
		8F168CE61BADDF94000D18D0 /* SOPinView.xib */ = {isa = PBXFileReference; fileEncoding = 4; lastKnownFileType = file.xib; path = SOPinView.xib; sourceTree = "<group>"; };
		8F1EBED61BB9935C009DA90F /* gradient.png */ = {isa = PBXFileReference; lastKnownFileType = image.png; name = gradient.png; path = images/gradient.png; sourceTree = "<group>"; };
		8F1F1DA01BAB1F1600506239 /* cluster.png */ = {isa = PBXFileReference; lastKnownFileType = image.png; name = cluster.png; path = images/cluster.png; sourceTree = "<group>"; };
		8F1F1DA11BAB1F1600506239 /* more.png */ = {isa = PBXFileReference; lastKnownFileType = image.png; name = more.png; path = images/more.png; sourceTree = "<group>"; };
		8F1F1DA21BAB1F1600506239 /* myLocation.png */ = {isa = PBXFileReference; lastKnownFileType = image.png; name = myLocation.png; path = images/myLocation.png; sourceTree = "<group>"; };
		8F1F1DA61BAB22C400506239 /* shoutout_green.png */ = {isa = PBXFileReference; lastKnownFileType = image.png; name = shoutout_green.png; path = images/shoutout_green.png; sourceTree = "<group>"; };
		8F2011351BC2C1FB00EEF1E9 /* SOFeedbackViewController.swift */ = {isa = PBXFileReference; fileEncoding = 4; lastKnownFileType = sourcecode.swift; path = SOFeedbackViewController.swift; sourceTree = "<group>"; };
		8F28BEBD1BA1104A00FD0999 /* add.png */ = {isa = PBXFileReference; lastKnownFileType = image.png; name = add.png; path = images/add.png; sourceTree = "<group>"; };
		8F28BEBE1BA1104A00FD0999 /* addPin.png */ = {isa = PBXFileReference; lastKnownFileType = image.png; name = addPin.png; path = images/addPin.png; sourceTree = "<group>"; };
		8F28BEBF1BA1104A00FD0999 /* addPinWindow.png */ = {isa = PBXFileReference; lastKnownFileType = image.png; name = addPinWindow.png; path = images/addPinWindow.png; sourceTree = "<group>"; };
		8F28BEC01BA1104A00FD0999 /* addShout.png */ = {isa = PBXFileReference; lastKnownFileType = image.png; name = addShout.png; path = images/addShout.png; sourceTree = "<group>"; };
		8F28BEC11BA1104A00FD0999 /* addShoutWindow.png */ = {isa = PBXFileReference; lastKnownFileType = image.png; name = addShoutWindow.png; path = images/addShoutWindow.png; sourceTree = "<group>"; };
		8F28BEC21BA1104A00FD0999 /* allSelectedFilter.png */ = {isa = PBXFileReference; lastKnownFileType = image.png; name = allSelectedFilter.png; path = images/allSelectedFilter.png; sourceTree = "<group>"; };
		8F28BEC31BA1104A00FD0999 /* androidIcon.png */ = {isa = PBXFileReference; lastKnownFileType = image.png; name = androidIcon.png; path = images/androidIcon.png; sourceTree = "<group>"; };
		8F28BEC41BA1104A00FD0999 /* background.png */ = {isa = PBXFileReference; lastKnownFileType = image.png; name = background.png; path = images/background.png; sourceTree = "<group>"; };
		8F28BEC51BA1104A00FD0999 /* bigIcon.png */ = {isa = PBXFileReference; lastKnownFileType = image.png; name = bigIcon.png; path = images/bigIcon.png; sourceTree = "<group>"; };
		8F28BEC61BA1104A00FD0999 /* filterBoth.png */ = {isa = PBXFileReference; lastKnownFileType = image.png; name = filterBoth.png; path = images/filterBoth.png; sourceTree = "<group>"; };
		8F28BEC71BA1104A00FD0999 /* filterLeft.png */ = {isa = PBXFileReference; lastKnownFileType = image.png; name = filterLeft.png; path = images/filterLeft.png; sourceTree = "<group>"; };
		8F28BEC81BA1104A00FD0999 /* filterNone.png */ = {isa = PBXFileReference; lastKnownFileType = image.png; name = filterNone.png; path = images/filterNone.png; sourceTree = "<group>"; };
		8F28BEC91BA1104A00FD0999 /* filterRight.png */ = {isa = PBXFileReference; lastKnownFileType = image.png; name = filterRight.png; path = images/filterRight.png; sourceTree = "<group>"; };
		8F28BECA1BA1104A00FD0999 /* friendSelectedFilter.png */ = {isa = PBXFileReference; lastKnownFileType = image.png; name = friendSelectedFilter.png; path = images/friendSelectedFilter.png; sourceTree = "<group>"; };
		8F28BECB1BA1104A00FD0999 /* leftArrow.png */ = {isa = PBXFileReference; lastKnownFileType = image.png; name = leftArrow.png; path = images/leftArrow.png; sourceTree = "<group>"; };
		8F28BECC1BA1104A00FD0999 /* meSelectedFilter.png */ = {isa = PBXFileReference; lastKnownFileType = image.png; name = meSelectedFilter.png; path = images/meSelectedFilter.png; sourceTree = "<group>"; };
		8F28BECD1BA1104A00FD0999 /* messages.png */ = {isa = PBXFileReference; lastKnownFileType = image.png; name = messages.png; path = images/messages.png; sourceTree = "<group>"; };
		8F28BECE1BA1104A00FD0999 /* messagesPopup.png */ = {isa = PBXFileReference; lastKnownFileType = image.png; name = messagesPopup.png; path = images/messagesPopup.png; sourceTree = "<group>"; };
		8F28BECF1BA1104A00FD0999 /* pinBubble.png */ = {isa = PBXFileReference; lastKnownFileType = image.png; name = pinBubble.png; path = images/pinBubble.png; sourceTree = "<group>"; };
		8F28BED01BA1104A00FD0999 /* pinBubbleAll.png */ = {isa = PBXFileReference; lastKnownFileType = image.png; name = pinBubbleAll.png; path = images/pinBubbleAll.png; sourceTree = "<group>"; };
		8F28BED11BA1104A00FD0999 /* pinBubbleIcons.png */ = {isa = PBXFileReference; lastKnownFileType = image.png; name = pinBubbleIcons.png; path = images/pinBubbleIcons.png; sourceTree = "<group>"; };
		8F28BED21BA1104A00FD0999 /* pinBubbleMore.png */ = {isa = PBXFileReference; lastKnownFileType = image.png; name = pinBubbleMore.png; path = images/pinBubbleMore.png; sourceTree = "<group>"; };
		8F28BED31BA1104A00FD0999 /* pinBubbleText.png */ = {isa = PBXFileReference; lastKnownFileType = image.png; name = pinBubbleText.png; path = images/pinBubbleText.png; sourceTree = "<group>"; };
		8F28BED41BA1104A00FD0999 /* pinWindowOptions.png */ = {isa = PBXFileReference; lastKnownFileType = image.png; name = pinWindowOptions.png; path = images/pinWindowOptions.png; sourceTree = "<group>"; };
		8F28BED51BA1104A00FD0999 /* pressedAdd.png */ = {isa = PBXFileReference; lastKnownFileType = image.png; name = pressedAdd.png; path = images/pressedAdd.png; sourceTree = "<group>"; };
		8F28BED61BA1104A00FD0999 /* rightArrow.png */ = {isa = PBXFileReference; lastKnownFileType = image.png; name = rightArrow.png; path = images/rightArrow.png; sourceTree = "<group>"; };
		8F28BED71BA1104A00FD0999 /* rsz_bigicon.png */ = {isa = PBXFileReference; lastKnownFileType = image.png; name = rsz_bigicon.png; path = images/rsz_bigicon.png; sourceTree = "<group>"; };
		8F28BED81BA1104A00FD0999 /* search.png */ = {isa = PBXFileReference; lastKnownFileType = image.png; name = search.png; path = images/search.png; sourceTree = "<group>"; };
		8F28BED91BA1104A00FD0999 /* settings.png */ = {isa = PBXFileReference; lastKnownFileType = image.png; name = settings.png; path = images/settings.png; sourceTree = "<group>"; };
		8F28BEDA1BA1104A00FD0999 /* shoutBubble.png */ = {isa = PBXFileReference; lastKnownFileType = image.png; name = shoutBubble.png; path = images/shoutBubble.png; sourceTree = "<group>"; };
		8F28BEDB1BA1104A00FD0999 /* shoutBubbleAll.png */ = {isa = PBXFileReference; lastKnownFileType = image.png; name = shoutBubbleAll.png; path = images/shoutBubbleAll.png; sourceTree = "<group>"; };
		8F28BEDC1BA1104A00FD0999 /* shoutBubbleIcons.png */ = {isa = PBXFileReference; lastKnownFileType = image.png; name = shoutBubbleIcons.png; path = images/shoutBubbleIcons.png; sourceTree = "<group>"; };
		8F28BEDD1BA1104A00FD0999 /* shoutBubbleMore.png */ = {isa = PBXFileReference; lastKnownFileType = image.png; name = shoutBubbleMore.png; path = images/shoutBubbleMore.png; sourceTree = "<group>"; };
		8F28BEDE1BA1104A00FD0999 /* shoutBubbleText.png */ = {isa = PBXFileReference; lastKnownFileType = image.png; name = shoutBubbleText.png; path = images/shoutBubbleText.png; sourceTree = "<group>"; };
		8F28BEDF1BA1104A00FD0999 /* shoutOptions.png */ = {isa = PBXFileReference; lastKnownFileType = image.png; name = shoutOptions.png; path = images/shoutOptions.png; sourceTree = "<group>"; };
		8F3DA50B1BB30E5600338279 /* SOSettingsViewController.swift */ = {isa = PBXFileReference; fileEncoding = 4; lastKnownFileType = sourcecode.swift; path = SOSettingsViewController.swift; sourceTree = "<group>"; };
		8F4D24D91BD3EBB300A3B6A1 /* SOComposeStatusView.h */ = {isa = PBXFileReference; fileEncoding = 4; lastKnownFileType = sourcecode.c.h; path = SOComposeStatusView.h; sourceTree = "<group>"; };
		8F4D24DA1BD3EBB300A3B6A1 /* SOComposeStatusView.m */ = {isa = PBXFileReference; fileEncoding = 4; lastKnownFileType = sourcecode.c.objc; path = SOComposeStatusView.m; sourceTree = "<group>"; };
		8F728E561BB0B32700ACC973 /* SOInboxViewController.swift */ = {isa = PBXFileReference; fileEncoding = 4; lastKnownFileType = sourcecode.swift; path = SOInboxViewController.swift; sourceTree = "<group>"; };
		8F7CA1E41BA07B4500B3C28A /* ShoutRMMarker.h */ = {isa = PBXFileReference; fileEncoding = 4; lastKnownFileType = sourcecode.c.h; path = ShoutRMMarker.h; sourceTree = "<group>"; };
		8F7CA1E51BA07B4500B3C28A /* ShoutRMMarker.m */ = {isa = PBXFileReference; fileEncoding = 4; lastKnownFileType = sourcecode.c.objc; path = ShoutRMMarker.m; sourceTree = "<group>"; };
		8F8D476D1B976DB900D902B9 /* shoutout.app */ = {isa = PBXFileReference; explicitFileType = wrapper.application; includeInIndex = 0; path = shoutout.app; sourceTree = BUILT_PRODUCTS_DIR; };
		8F8D47711B976DB900D902B9 /* Info.plist */ = {isa = PBXFileReference; lastKnownFileType = text.plist.xml; path = Info.plist; sourceTree = "<group>"; };
		8F8D47721B976DB900D902B9 /* main.m */ = {isa = PBXFileReference; lastKnownFileType = sourcecode.c.objc; path = main.m; sourceTree = "<group>"; };
		8F8D47741B976DB900D902B9 /* AppDelegate.h */ = {isa = PBXFileReference; lastKnownFileType = sourcecode.c.h; path = AppDelegate.h; sourceTree = "<group>"; };
		8F8D47751B976DB900D902B9 /* AppDelegate.m */ = {isa = PBXFileReference; lastKnownFileType = sourcecode.c.objc; path = AppDelegate.m; sourceTree = "<group>"; };
		8F8D47771B976DB900D902B9 /* ViewController.h */ = {isa = PBXFileReference; lastKnownFileType = sourcecode.c.h; path = ViewController.h; sourceTree = "<group>"; };
		8F8D47781B976DB900D902B9 /* ViewController.m */ = {isa = PBXFileReference; lastKnownFileType = sourcecode.c.objc; path = ViewController.m; sourceTree = "<group>"; };
		8F8D477B1B976DB900D902B9 /* Base */ = {isa = PBXFileReference; lastKnownFileType = file.storyboard; name = Base; path = Base.lproj/Main.storyboard; sourceTree = "<group>"; };
		8F8D477D1B976DB900D902B9 /* Images.xcassets */ = {isa = PBXFileReference; lastKnownFileType = folder.assetcatalog; path = Images.xcassets; sourceTree = "<group>"; };
		8F8D47801B976DB900D902B9 /* Base */ = {isa = PBXFileReference; lastKnownFileType = file.xib; name = Base; path = Base.lproj/LaunchScreen.xib; sourceTree = "<group>"; };
		8F8D47861B976DB900D902B9 /* shoutoutTests.xctest */ = {isa = PBXFileReference; explicitFileType = wrapper.cfbundle; includeInIndex = 0; path = shoutoutTests.xctest; sourceTree = BUILT_PRODUCTS_DIR; };
		8F8D478B1B976DB900D902B9 /* Info.plist */ = {isa = PBXFileReference; lastKnownFileType = text.plist.xml; path = Info.plist; sourceTree = "<group>"; };
		8F8D478C1B976DB900D902B9 /* shoutoutTests.m */ = {isa = PBXFileReference; lastKnownFileType = sourcecode.c.objc; path = shoutoutTests.m; sourceTree = "<group>"; };
		8F8D47971B97717C00D902B9 /* Settings.bundle */ = {isa = PBXFileReference; lastKnownFileType = "wrapper.plug-in"; path = Settings.bundle; sourceTree = "<group>"; };
		8F8D47991B97809A00D902B9 /* LocationManager.h */ = {isa = PBXFileReference; fileEncoding = 4; lastKnownFileType = sourcecode.c.h; path = LocationManager.h; sourceTree = "<group>"; };
		8F8D479A1B97809A00D902B9 /* LocationManager.m */ = {isa = PBXFileReference; fileEncoding = 4; lastKnownFileType = sourcecode.c.objc; path = LocationManager.m; sourceTree = "<group>"; };
		8F8D479D1B97ECA700D902B9 /* background.png */ = {isa = PBXFileReference; lastKnownFileType = image.png; name = background.png; path = images/background.png; sourceTree = "<group>"; };
		8F8D479E1B97ECA700D902B9 /* search.png */ = {isa = PBXFileReference; lastKnownFileType = image.png; name = search.png; path = images/search.png; sourceTree = "<group>"; };
		8F8D479F1B97ECA700D902B9 /* shoutout_white.png */ = {isa = PBXFileReference; lastKnownFileType = image.png; name = shoutout_white.png; path = images/shoutout_white.png; sourceTree = "<group>"; };
		8F8D47AD1B98B6CD00D902B9 /* SOAnnotation.h */ = {isa = PBXFileReference; fileEncoding = 4; lastKnownFileType = sourcecode.c.h; path = SOAnnotation.h; sourceTree = "<group>"; };
		8F8D47AE1B98B6CD00D902B9 /* SOAnnotation.m */ = {isa = PBXFileReference; fileEncoding = 4; lastKnownFileType = sourcecode.c.objc; path = SOAnnotation.m; sourceTree = "<group>"; };
		8F9A48CD1BA3BDB8002C68EE /* MKMapView+ZoomLevel.h */ = {isa = PBXFileReference; fileEncoding = 4; lastKnownFileType = sourcecode.c.h; path = "MKMapView+ZoomLevel.h"; sourceTree = "<group>"; };
		8F9A48CE1BA3BDB8002C68EE /* MKMapView+ZoomLevel.m */ = {isa = PBXFileReference; fileEncoding = 4; lastKnownFileType = sourcecode.c.objc; path = "MKMapView+ZoomLevel.m"; sourceTree = "<group>"; };
		8F9A48D01BA66F0D002C68EE /* ShoutClusterMarker.h */ = {isa = PBXFileReference; fileEncoding = 4; lastKnownFileType = sourcecode.c.h; path = ShoutClusterMarker.h; sourceTree = "<group>"; };
		8F9A48D11BA66F0D002C68EE /* ShoutClusterMarker.m */ = {isa = PBXFileReference; fileEncoding = 4; lastKnownFileType = sourcecode.c.objc; path = ShoutClusterMarker.m; sourceTree = "<group>"; };
		8FA6760A1BB1C1CF00CAA8EA /* anon.jpg */ = {isa = PBXFileReference; lastKnownFileType = image.jpeg; name = anon.jpg; path = images/anon.jpg; sourceTree = "<group>"; };
		8FA956BE1BC050E1003C7357 /* SOMarkerSubView.h */ = {isa = PBXFileReference; fileEncoding = 4; lastKnownFileType = sourcecode.c.h; path = SOMarkerSubView.h; sourceTree = "<group>"; };
		8FA956BF1BC050E1003C7357 /* SOMarkerSubView.m */ = {isa = PBXFileReference; fileEncoding = 4; lastKnownFileType = sourcecode.c.objc; path = SOMarkerSubView.m; sourceTree = "<group>"; };
		8FA956C11BC05F16003C7357 /* SOCreateProfileViewController.swift */ = {isa = PBXFileReference; fileEncoding = 4; lastKnownFileType = sourcecode.swift; path = SOCreateProfileViewController.swift; sourceTree = "<group>"; };
		8FBAA3851BCF3AB100EC3B3F /* onboardingBackground@2x.png */ = {isa = PBXFileReference; lastKnownFileType = image.png; name = "onboardingBackground@2x.png"; path = "images/onboardingBackground@2x.png"; sourceTree = "<group>"; };
		8FBAA3861BCF3AB100EC3B3F /* onboardingPage1@2x.png */ = {isa = PBXFileReference; lastKnownFileType = image.png; name = "onboardingPage1@2x.png"; path = "images/onboardingPage1@2x.png"; sourceTree = "<group>"; };
		8FBAA3871BCF3AB100EC3B3F /* onboardingPage2@2x.png */ = {isa = PBXFileReference; lastKnownFileType = image.png; name = "onboardingPage2@2x.png"; path = "images/onboardingPage2@2x.png"; sourceTree = "<group>"; };
		8FBAA3881BCF3AB100EC3B3F /* onboardingPage3@2x.png */ = {isa = PBXFileReference; lastKnownFileType = image.png; name = "onboardingPage3@2x.png"; path = "images/onboardingPage3@2x.png"; sourceTree = "<group>"; };
		8FBAA3891BCF3AB100EC3B3F /* onboardingPage4@2x.png */ = {isa = PBXFileReference; lastKnownFileType = image.png; name = "onboardingPage4@2x.png"; path = "images/onboardingPage4@2x.png"; sourceTree = "<group>"; };
		8FD047C31BB1C11000A28B70 /* shoutSpeechBubble.png */ = {isa = PBXFileReference; lastKnownFileType = image.png; name = shoutSpeechBubble.png; path = images/shoutSpeechBubble.png; sourceTree = "<group>"; };
		8FD3BAC61BC1B3A2007C8D24 /* SOSignInViewController.swift */ = {isa = PBXFileReference; fileEncoding = 4; lastKnownFileType = sourcecode.swift; path = SOSignInViewController.swift; sourceTree = "<group>"; };
		8FDD68E01BB20CC90070B123 /* shoutSpeechBubble@2x.png */ = {isa = PBXFileReference; lastKnownFileType = image.png; name = "shoutSpeechBubble@2x.png"; path = "images/shoutSpeechBubble@2x.png"; sourceTree = "<group>"; };
		8FE0090E1BAC787F00C30BF2 /* SOMapViewDelegate.h */ = {isa = PBXFileReference; fileEncoding = 4; lastKnownFileType = sourcecode.c.h; path = SOMapViewDelegate.h; sourceTree = "<group>"; };
		8FE0090F1BAC787F00C30BF2 /* SOMapViewDelegate.m */ = {isa = PBXFileReference; fileEncoding = 4; lastKnownFileType = sourcecode.c.objc; path = SOMapViewDelegate.m; sourceTree = "<group>"; };
		8FFF0BFE1B9F74760009E619 /* Home.gpx */ = {isa = PBXFileReference; lastKnownFileType = text.xml; path = Home.gpx; sourceTree = "<group>"; };
		8FFF0BFF1B9F7A210009E619 /* UVA.gpx */ = {isa = PBXFileReference; lastKnownFileType = text.xml; path = UVA.gpx; sourceTree = "<group>"; };
		97991FF71B916BD671C9AD8E /* Pods-shoutout.release.xcconfig */ = {isa = PBXFileReference; includeInIndex = 1; lastKnownFileType = text.xcconfig; name = "Pods-shoutout.release.xcconfig"; path = "Pods/Target Support Files/Pods-shoutout/Pods-shoutout.release.xcconfig"; sourceTree = "<group>"; };
		BBF3B612BE40D36E3DB703F4 /* libPods-shoutout.a */ = {isa = PBXFileReference; explicitFileType = archive.ar; includeInIndex = 0; path = "libPods-shoutout.a"; sourceTree = BUILT_PRODUCTS_DIR; };
/* End PBXFileReference section */

/* Begin PBXFrameworksBuildPhase section */
		8F8D476A1B976DB900D902B9 /* Frameworks */ = {
			isa = PBXFrameworksBuildPhase;
			buildActionMask = 2147483647;
			files = (
				8F0455CF1BA367DA003A3C55 /* MapKit.framework in Frameworks */,
				999C19E811FC92E4CF9326E7 /* libPods-shoutout.a in Frameworks */,
			);
			runOnlyForDeploymentPostprocessing = 0;
		};
		8F8D47831B976DB900D902B9 /* Frameworks */ = {
			isa = PBXFrameworksBuildPhase;
			buildActionMask = 2147483647;
			files = (
			);
			runOnlyForDeploymentPostprocessing = 0;
		};
/* End PBXFrameworksBuildPhase section */

/* Begin PBXGroup section */
		036B1DAEFB7767442E76F67D /* Pods */ = {
			isa = PBXGroup;
			children = (
				08A71E57CEBF1AF770B6F58A /* Pods-shoutout.debug.xcconfig */,
				97991FF71B916BD671C9AD8E /* Pods-shoutout.release.xcconfig */,
			);
			name = Pods;
			sourceTree = "<group>";
		};
		35872A8A1BC5D462004E99C6 /* NUX */ = {
			isa = PBXGroup;
			children = (
				8F0BBC6C1BA1E56C00F9851B /* SOTutorialPermissionsViewController.swift */,
				8FD3BAC61BC1B3A2007C8D24 /* SOSignInViewController.swift */,
				8FA956C11BC05F16003C7357 /* SOCreateProfileViewController.swift */,
				35872A8B1BC5D49C004E99C6 /* SONUXViewController.swift */,
			);
			name = NUX;
			sourceTree = "<group>";
		};
		50B1DBD54D1685A0BC6A9607 /* Frameworks */ = {
			isa = PBXGroup;
			children = (
				8F0455CE1BA367DA003A3C55 /* MapKit.framework */,
				BBF3B612BE40D36E3DB703F4 /* libPods-shoutout.a */,
			);
			name = Frameworks;
			sourceTree = "<group>";
		};
		8F5AEDBD1BBCC99B00DF1BB1 /* Pins */ = {
			isa = PBXGroup;
			children = (
				8F168CE61BADDF94000D18D0 /* SOPinView.xib */,
				8F7CA1E41BA07B4500B3C28A /* ShoutRMMarker.h */,
				8F7CA1E51BA07B4500B3C28A /* ShoutRMMarker.m */,
				8FA956BE1BC050E1003C7357 /* SOMarkerSubView.h */,
				8FA956BF1BC050E1003C7357 /* SOMarkerSubView.m */,
				8F9A48D01BA66F0D002C68EE /* ShoutClusterMarker.h */,
				8F9A48D11BA66F0D002C68EE /* ShoutClusterMarker.m */,
			);
			name = Pins;
			sourceTree = "<group>";
		};
		8F8D47641B976DB900D902B9 = {
			isa = PBXGroup;
			children = (
				8F8D476F1B976DB900D902B9 /* shoutout */,
				8F8D47891B976DB900D902B9 /* shoutoutTests */,
				8F8D476E1B976DB900D902B9 /* Products */,
				036B1DAEFB7767442E76F67D /* Pods */,
				50B1DBD54D1685A0BC6A9607 /* Frameworks */,
			);
			sourceTree = "<group>";
		};
		8F8D476E1B976DB900D902B9 /* Products */ = {
			isa = PBXGroup;
			children = (
				8F8D476D1B976DB900D902B9 /* shoutout.app */,
				8F8D47861B976DB900D902B9 /* shoutoutTests.xctest */,
			);
			name = Products;
			sourceTree = "<group>";
		};
		8F8D476F1B976DB900D902B9 /* shoutout */ = {
			isa = PBXGroup;
			children = (
				8F8D47A31B97ECAD00D902B9 /* images */,
				8F8D477A1B976DB900D902B9 /* Main.storyboard */,
				8F4D24D91BD3EBB300A3B6A1 /* SOComposeStatusView.h */,
				8F4D24DA1BD3EBB300A3B6A1 /* SOComposeStatusView.m */,
				8F8D47741B976DB900D902B9 /* AppDelegate.h */,
				8F8D47751B976DB900D902B9 /* AppDelegate.m */,
				8F8D47771B976DB900D902B9 /* ViewController.h */,
				8F8D47781B976DB900D902B9 /* ViewController.m */,
				8F0AA26D1BD3E2FA0068AE38 /* SOFirebaseDelegate.h */,
				8F0AA26E1BD3E2FA0068AE38 /* SOFirebaseDelegate.m */,
				8FE0090E1BAC787F00C30BF2 /* SOMapViewDelegate.h */,
				8FE0090F1BAC787F00C30BF2 /* SOMapViewDelegate.m */,
				8F2011351BC2C1FB00EEF1E9 /* SOFeedbackViewController.swift */,
				8F728E561BB0B32700ACC973 /* SOInboxViewController.swift */,
				8F3DA50B1BB30E5600338279 /* SOSettingsViewController.swift */,
				8F8D47991B97809A00D902B9 /* LocationManager.h */,
				8F8D479A1B97809A00D902B9 /* LocationManager.m */,
				8F8D47AD1B98B6CD00D902B9 /* SOAnnotation.h */,
				8F8D47AE1B98B6CD00D902B9 /* SOAnnotation.m */,
				8F5AEDBD1BBCC99B00DF1BB1 /* Pins */,
				35872A8A1BC5D462004E99C6 /* NUX */,
				8F9A48CD1BA3BDB8002C68EE /* MKMapView+ZoomLevel.h */,
				8F9A48CE1BA3BDB8002C68EE /* MKMapView+ZoomLevel.m */,
				8FFF0BFF1B9F7A210009E619 /* UVA.gpx */,
				8F168CE51BAC9D70000D18D0 /* UIUC.gpx */,
				8FFF0BFE1B9F74760009E619 /* Home.gpx */,
				8F8D477D1B976DB900D902B9 /* Images.xcassets */,
				8F8D477F1B976DB900D902B9 /* LaunchScreen.xib */,
				8F8D47701B976DB900D902B9 /* Supporting Files */,
				8F0BBC6B1BA1E56C00F9851B /* shoutout-Bridging-Header.h */,
			);
			path = shoutout;
			sourceTree = "<group>";
		};
		8F8D47701B976DB900D902B9 /* Supporting Files */ = {
			isa = PBXGroup;
			children = (
				8F8D47971B97717C00D902B9 /* Settings.bundle */,
				8F8D47711B976DB900D902B9 /* Info.plist */,
				8F8D47721B976DB900D902B9 /* main.m */,
			);
			name = "Supporting Files";
			sourceTree = "<group>";
		};
		8F8D47891B976DB900D902B9 /* shoutoutTests */ = {
			isa = PBXGroup;
			children = (
				8F8D478C1B976DB900D902B9 /* shoutoutTests.m */,
				8F8D478A1B976DB900D902B9 /* Supporting Files */,
			);
			path = shoutoutTests;
			sourceTree = "<group>";
		};
		8F8D478A1B976DB900D902B9 /* Supporting Files */ = {
			isa = PBXGroup;
			children = (
				8F8D478B1B976DB900D902B9 /* Info.plist */,
			);
			name = "Supporting Files";
			sourceTree = "<group>";
		};
		8F8D47A31B97ECAD00D902B9 /* images */ = {
			isa = PBXGroup;
			children = (
				3547D4391BD46472005E5C04 /* newBubble@2x.png */,
				3547D43A1BD46472005E5C04 /* newPin@2x.png */,
				3547D43B1BD46472005E5C04 /* onboardingBackgroundSignup@2x.png */,
				8F0AA2681BD2FAA40068AE38 /* statusCancelButton.png */,
				8F0AA2641BD2F8960068AE38 /* shoutoutGrayLogo.png */,
				8F0AA2651BD2F8960068AE38 /* shoutoutWhiteLogo.png */,
				8FBAA3851BCF3AB100EC3B3F /* onboardingBackground@2x.png */,
				8FBAA3861BCF3AB100EC3B3F /* onboardingPage1@2x.png */,
				8FBAA3871BCF3AB100EC3B3F /* onboardingPage2@2x.png */,
				8FBAA3881BCF3AB100EC3B3F /* onboardingPage3@2x.png */,
				8FBAA3891BCF3AB100EC3B3F /* onboardingPage4@2x.png */,
				8F1EBED61BB9935C009DA90F /* gradient.png */,
				8FDD68E01BB20CC90070B123 /* shoutSpeechBubble@2x.png */,
				8FA6760A1BB1C1CF00CAA8EA /* anon.jpg */,
				8FD047C31BB1C11000A28B70 /* shoutSpeechBubble.png */,
				8F1F1DA61BAB22C400506239 /* shoutout_green.png */,
				8F1F1DA01BAB1F1600506239 /* cluster.png */,
				8F1F1DA11BAB1F1600506239 /* more.png */,
				8F1F1DA21BAB1F1600506239 /* myLocation.png */,
				8F28BEBD1BA1104A00FD0999 /* add.png */,
				8F28BEBE1BA1104A00FD0999 /* addPin.png */,
				8F28BEBF1BA1104A00FD0999 /* addPinWindow.png */,
				8F28BEC01BA1104A00FD0999 /* addShout.png */,
				8F28BEC11BA1104A00FD0999 /* addShoutWindow.png */,
				8F28BEC21BA1104A00FD0999 /* allSelectedFilter.png */,
				8F28BEC31BA1104A00FD0999 /* androidIcon.png */,
				8F28BEC41BA1104A00FD0999 /* background.png */,
				8F28BEC51BA1104A00FD0999 /* bigIcon.png */,
				8F28BEC61BA1104A00FD0999 /* filterBoth.png */,
				8F28BEC71BA1104A00FD0999 /* filterLeft.png */,
				8F28BEC81BA1104A00FD0999 /* filterNone.png */,
				8F28BEC91BA1104A00FD0999 /* filterRight.png */,
				8F28BECA1BA1104A00FD0999 /* friendSelectedFilter.png */,
				8F28BECB1BA1104A00FD0999 /* leftArrow.png */,
				8F28BECC1BA1104A00FD0999 /* meSelectedFilter.png */,
				8F28BECD1BA1104A00FD0999 /* messages.png */,
				8F28BECE1BA1104A00FD0999 /* messagesPopup.png */,
				8F28BECF1BA1104A00FD0999 /* pinBubble.png */,
				8F28BED01BA1104A00FD0999 /* pinBubbleAll.png */,
				8F28BED11BA1104A00FD0999 /* pinBubbleIcons.png */,
				8F28BED21BA1104A00FD0999 /* pinBubbleMore.png */,
				8F28BED31BA1104A00FD0999 /* pinBubbleText.png */,
				8F28BED41BA1104A00FD0999 /* pinWindowOptions.png */,
				8F28BED51BA1104A00FD0999 /* pressedAdd.png */,
				8F28BED61BA1104A00FD0999 /* rightArrow.png */,
				8F28BED71BA1104A00FD0999 /* rsz_bigicon.png */,
				8F28BED81BA1104A00FD0999 /* search.png */,
				8F28BED91BA1104A00FD0999 /* settings.png */,
				8F28BEDA1BA1104A00FD0999 /* shoutBubble.png */,
				8F28BEDB1BA1104A00FD0999 /* shoutBubbleAll.png */,
				8F28BEDC1BA1104A00FD0999 /* shoutBubbleIcons.png */,
				8F28BEDD1BA1104A00FD0999 /* shoutBubbleMore.png */,
				8F28BEDE1BA1104A00FD0999 /* shoutBubbleText.png */,
				8F28BEDF1BA1104A00FD0999 /* shoutOptions.png */,
				8F8D479D1B97ECA700D902B9 /* background.png */,
				8F8D479E1B97ECA700D902B9 /* search.png */,
				8F8D479F1B97ECA700D902B9 /* shoutout_white.png */,
			);
			name = images;
			sourceTree = "<group>";
		};
/* End PBXGroup section */

/* Begin PBXNativeTarget section */
		8F8D476C1B976DB900D902B9 /* shoutout */ = {
			isa = PBXNativeTarget;
			buildConfigurationList = 8F8D47901B976DB900D902B9 /* Build configuration list for PBXNativeTarget "shoutout" */;
			buildPhases = (
				4FE5A653DD2634CD26DF45F5 /* Check Pods Manifest.lock */,
				8F8D47691B976DB900D902B9 /* Sources */,
				8F8D476A1B976DB900D902B9 /* Frameworks */,
				8F8D476B1B976DB900D902B9 /* Resources */,
				99A2EE1E7264F983E150A1B6 /* Copy Pods Resources */,
			);
			buildRules = (
			);
			dependencies = (
			);
			name = shoutout;
			productName = shoutout;
			productReference = 8F8D476D1B976DB900D902B9 /* shoutout.app */;
			productType = "com.apple.product-type.application";
		};
		8F8D47851B976DB900D902B9 /* shoutoutTests */ = {
			isa = PBXNativeTarget;
			buildConfigurationList = 8F8D47931B976DB900D902B9 /* Build configuration list for PBXNativeTarget "shoutoutTests" */;
			buildPhases = (
				8F8D47821B976DB900D902B9 /* Sources */,
				8F8D47831B976DB900D902B9 /* Frameworks */,
				8F8D47841B976DB900D902B9 /* Resources */,
			);
			buildRules = (
			);
			dependencies = (
				8F8D47881B976DB900D902B9 /* PBXTargetDependency */,
			);
			name = shoutoutTests;
			productName = shoutoutTests;
			productReference = 8F8D47861B976DB900D902B9 /* shoutoutTests.xctest */;
			productType = "com.apple.product-type.bundle.unit-test";
		};
/* End PBXNativeTarget section */

/* Begin PBXProject section */
		8F8D47651B976DB900D902B9 /* Project object */ = {
			isa = PBXProject;
			attributes = {
				LastSwiftMigration = 0700;
				LastSwiftUpdateCheck = 0700;
				LastUpgradeCheck = 0700;
				ORGANIZATIONNAME = "Mayank Jain";
				TargetAttributes = {
					8F8D476C1B976DB900D902B9 = {
						CreatedOnToolsVersion = 6.4;
						DevelopmentTeam = 9C8EQ3DGNG;
						SystemCapabilities = {
							com.apple.BackgroundModes = {
								enabled = 1;
							};
							com.apple.Maps.iOS = {
								enabled = 1;
							};
							com.apple.Push = {
								enabled = 1;
							};
						};
					};
					8F8D47851B976DB900D902B9 = {
						CreatedOnToolsVersion = 6.4;
						TestTargetID = 8F8D476C1B976DB900D902B9;
					};
				};
			};
			buildConfigurationList = 8F8D47681B976DB900D902B9 /* Build configuration list for PBXProject "shoutout" */;
			compatibilityVersion = "Xcode 3.2";
			developmentRegion = English;
			hasScannedForEncodings = 0;
			knownRegions = (
				en,
				Base,
			);
			mainGroup = 8F8D47641B976DB900D902B9;
			productRefGroup = 8F8D476E1B976DB900D902B9 /* Products */;
			projectDirPath = "";
			projectRoot = "";
			targets = (
				8F8D476C1B976DB900D902B9 /* shoutout */,
				8F8D47851B976DB900D902B9 /* shoutoutTests */,
			);
		};
/* End PBXProject section */

/* Begin PBXResourcesBuildPhase section */
		8F8D476B1B976DB900D902B9 /* Resources */ = {
			isa = PBXResourcesBuildPhase;
			buildActionMask = 2147483647;
			files = (
				8F28BEF81BA1104A00FD0999 /* pressedAdd.png in Resources */,
				8F0AA2661BD2F8960068AE38 /* shoutoutGrayLogo.png in Resources */,
				8F28BEEF1BA1104A00FD0999 /* meSelectedFilter.png in Resources */,
				8F28BEE51BA1104A00FD0999 /* allSelectedFilter.png in Resources */,
				35C24C2A1BD3FFE600A62969 /* newBubble@2x.png in Resources */,
				8F28BEFE1BA1104A00FD0999 /* shoutBubbleAll.png in Resources */,
				8F28BEFA1BA1104A00FD0999 /* rsz_bigicon.png in Resources */,
				8F0AA2691BD2FAA40068AE38 /* statusCancelButton.png in Resources */,
				8FBAA38C1BCF3AB100EC3B3F /* onboardingPage2@2x.png in Resources */,
				8F28BEE71BA1104A00FD0999 /* background.png in Resources */,
				8F28BEEA1BA1104A00FD0999 /* filterLeft.png in Resources */,
				8F28BEFD1BA1104A00FD0999 /* shoutBubble.png in Resources */,
				8F1F1DA71BAB22C400506239 /* shoutout_green.png in Resources */,
				8F28BEF61BA1104A00FD0999 /* pinBubbleText.png in Resources */,
				8FBAA38E1BCF3AB100EC3B3F /* onboardingPage4@2x.png in Resources */,
				8F1F1DA41BAB1F1600506239 /* more.png in Resources */,
				8F28BEF41BA1104A00FD0999 /* pinBubbleIcons.png in Resources */,
				8F28BEE31BA1104A00FD0999 /* addShout.png in Resources */,
				8F8D47981B97717C00D902B9 /* Settings.bundle in Resources */,
				8F28BEFB1BA1104A00FD0999 /* search.png in Resources */,
				8FBAA38B1BCF3AB100EC3B3F /* onboardingPage1@2x.png in Resources */,
				8F28BEF01BA1104A00FD0999 /* messages.png in Resources */,
				8F28BEE61BA1104A00FD0999 /* androidIcon.png in Resources */,
				8F28BF001BA1104A00FD0999 /* shoutBubbleMore.png in Resources */,
				8F28BEEB1BA1104A00FD0999 /* filterNone.png in Resources */,
				8F28BEE91BA1104A00FD0999 /* filterBoth.png in Resources */,
				8F28BEF11BA1104A00FD0999 /* messagesPopup.png in Resources */,
				35C24C2B1BD3FFE600A62969 /* newPin@2x.png in Resources */,
				8FD047C41BB1C11000A28B70 /* shoutSpeechBubble.png in Resources */,
				8F28BEE21BA1104A00FD0999 /* addPinWindow.png in Resources */,
				8F28BEE01BA1104A00FD0999 /* add.png in Resources */,
				8F1EBED71BB9935C009DA90F /* gradient.png in Resources */,
				352972CE1BD2B91B007EA043 /* onboardingBackgroundSignup@2x.png in Resources */,
				8F28BEEE1BA1104A00FD0999 /* leftArrow.png in Resources */,
				8F28BF021BA1104A00FD0999 /* shoutOptions.png in Resources */,
				8F28BEF91BA1104A00FD0999 /* rightArrow.png in Resources */,
				8FBAA38D1BCF3AB100EC3B3F /* onboardingPage3@2x.png in Resources */,
				8F28BEE81BA1104A00FD0999 /* bigIcon.png in Resources */,
				8F28BEF71BA1104A00FD0999 /* pinWindowOptions.png in Resources */,
				8F28BEFC1BA1104A00FD0999 /* settings.png in Resources */,
				8F28BEF21BA1104A00FD0999 /* pinBubble.png in Resources */,
				8F0AA2671BD2F8960068AE38 /* shoutoutWhiteLogo.png in Resources */,
				8F1F1DA51BAB1F1600506239 /* myLocation.png in Resources */,
				8F168CE71BADDF94000D18D0 /* SOPinView.xib in Resources */,
				8F28BEE11BA1104A00FD0999 /* addPin.png in Resources */,
				8FBAA38A1BCF3AB100EC3B3F /* onboardingBackground@2x.png in Resources */,
				8FA6760B1BB1C1CF00CAA8EA /* anon.jpg in Resources */,
				8F28BEEC1BA1104A00FD0999 /* filterRight.png in Resources */,
				8F28BF011BA1104A00FD0999 /* shoutBubbleText.png in Resources */,
				8F28BEED1BA1104A00FD0999 /* friendSelectedFilter.png in Resources */,
				8F8D477C1B976DB900D902B9 /* Main.storyboard in Resources */,
				8F1F1DA31BAB1F1600506239 /* cluster.png in Resources */,
				3547D43C1BD46472005E5C04 /* newBubble@2x.png in Resources */,
				8F28BEF51BA1104A00FD0999 /* pinBubbleMore.png in Resources */,
				8F28BEFF1BA1104A00FD0999 /* shoutBubbleIcons.png in Resources */,
				8F28BEF31BA1104A00FD0999 /* pinBubbleAll.png in Resources */,
				8F8D47811B976DB900D902B9 /* LaunchScreen.xib in Resources */,
				8FDD68E11BB20CC90070B123 /* shoutSpeechBubble@2x.png in Resources */,
				8F28BEE41BA1104A00FD0999 /* addShoutWindow.png in Resources */,
				8F8D47A21B97ECA700D902B9 /* shoutout_white.png in Resources */,
				8F8D477E1B976DB900D902B9 /* Images.xcassets in Resources */,
				3547D43E1BD46472005E5C04 /* onboardingBackgroundSignup@2x.png in Resources */,
				3547D43D1BD46472005E5C04 /* newPin@2x.png in Resources */,
			);
			runOnlyForDeploymentPostprocessing = 0;
		};
		8F8D47841B976DB900D902B9 /* Resources */ = {
			isa = PBXResourcesBuildPhase;
			buildActionMask = 2147483647;
			files = (
			);
			runOnlyForDeploymentPostprocessing = 0;
		};
/* End PBXResourcesBuildPhase section */

/* Begin PBXShellScriptBuildPhase section */
		4FE5A653DD2634CD26DF45F5 /* Check Pods Manifest.lock */ = {
			isa = PBXShellScriptBuildPhase;
			buildActionMask = 2147483647;
			files = (
			);
			inputPaths = (
			);
			name = "Check Pods Manifest.lock";
			outputPaths = (
			);
			runOnlyForDeploymentPostprocessing = 0;
			shellPath = /bin/sh;
			shellScript = "diff \"${PODS_ROOT}/../Podfile.lock\" \"${PODS_ROOT}/Manifest.lock\" > /dev/null\nif [[ $? != 0 ]] ; then\n    cat << EOM\nerror: The sandbox is not in sync with the Podfile.lock. Run 'pod install' or update your CocoaPods installation.\nEOM\n    exit 1\nfi\n";
			showEnvVarsInLog = 0;
		};
		99A2EE1E7264F983E150A1B6 /* Copy Pods Resources */ = {
			isa = PBXShellScriptBuildPhase;
			buildActionMask = 2147483647;
			files = (
			);
			inputPaths = (
			);
			name = "Copy Pods Resources";
			outputPaths = (
			);
			runOnlyForDeploymentPostprocessing = 0;
			shellPath = /bin/sh;
			shellScript = "\"${SRCROOT}/Pods/Target Support Files/Pods-shoutout/Pods-shoutout-resources.sh\"\n";
			showEnvVarsInLog = 0;
		};
/* End PBXShellScriptBuildPhase section */

/* Begin PBXSourcesBuildPhase section */
		8F8D47691B976DB900D902B9 /* Sources */ = {
			isa = PBXSourcesBuildPhase;
			buildActionMask = 2147483647;
			files = (
				8F8D479B1B97809B00D902B9 /* LocationManager.m in Sources */,
				8F9A48D21BA66F0D002C68EE /* ShoutClusterMarker.m in Sources */,
				8FE009101BAC787F00C30BF2 /* SOMapViewDelegate.m in Sources */,
				8F9A48CF1BA3BDB8002C68EE /* MKMapView+ZoomLevel.m in Sources */,
				8F8D47791B976DB900D902B9 /* ViewController.m in Sources */,
				8F8D47761B976DB900D902B9 /* AppDelegate.m in Sources */,
				8FA956C21BC05F16003C7357 /* SOCreateProfileViewController.swift in Sources */,
				8F8D47AF1B98B6CD00D902B9 /* SOAnnotation.m in Sources */,
				8F3DA50C1BB30E5600338279 /* SOSettingsViewController.swift in Sources */,
				8FA956C01BC050E2003C7357 /* SOMarkerSubView.m in Sources */,
				8F7CA1E61BA07B4500B3C28A /* ShoutRMMarker.m in Sources */,
				8F0BBC6D1BA1E56C00F9851B /* SOTutorialPermissionsViewController.swift in Sources */,
				8F0AA26F1BD3E2FA0068AE38 /* SOFirebaseDelegate.m in Sources */,
				8F728E571BB0B32700ACC973 /* SOInboxViewController.swift in Sources */,
				35872A8D1BC5D49C004E99C6 /* SONUXViewController.swift in Sources */,
				8FD3BAC71BC1B3A2007C8D24 /* SOSignInViewController.swift in Sources */,
				8F8D47731B976DB900D902B9 /* main.m in Sources */,
				8F2011361BC2C1FB00EEF1E9 /* SOFeedbackViewController.swift in Sources */,
				8F4D24DB1BD3EBB300A3B6A1 /* SOComposeStatusView.m in Sources */,
			);
			runOnlyForDeploymentPostprocessing = 0;
		};
		8F8D47821B976DB900D902B9 /* Sources */ = {
			isa = PBXSourcesBuildPhase;
			buildActionMask = 2147483647;
			files = (
				8F8D478D1B976DB900D902B9 /* shoutoutTests.m in Sources */,
			);
			runOnlyForDeploymentPostprocessing = 0;
		};
/* End PBXSourcesBuildPhase section */

/* Begin PBXTargetDependency section */
		8F8D47881B976DB900D902B9 /* PBXTargetDependency */ = {
			isa = PBXTargetDependency;
			target = 8F8D476C1B976DB900D902B9 /* shoutout */;
			targetProxy = 8F8D47871B976DB900D902B9 /* PBXContainerItemProxy */;
		};
/* End PBXTargetDependency section */

/* Begin PBXVariantGroup section */
		8F8D477A1B976DB900D902B9 /* Main.storyboard */ = {
			isa = PBXVariantGroup;
			children = (
				8F8D477B1B976DB900D902B9 /* Base */,
			);
			name = Main.storyboard;
			sourceTree = "<group>";
		};
		8F8D477F1B976DB900D902B9 /* LaunchScreen.xib */ = {
			isa = PBXVariantGroup;
			children = (
				8F8D47801B976DB900D902B9 /* Base */,
			);
			name = LaunchScreen.xib;
			sourceTree = "<group>";
		};
/* End PBXVariantGroup section */

/* Begin XCBuildConfiguration section */
		8F8D478E1B976DB900D902B9 /* Debug */ = {
			isa = XCBuildConfiguration;
			buildSettings = {
				ALWAYS_SEARCH_USER_PATHS = NO;
				CLANG_CXX_LANGUAGE_STANDARD = "gnu++0x";
				CLANG_CXX_LIBRARY = "libc++";
				CLANG_ENABLE_MODULES = YES;
				CLANG_ENABLE_OBJC_ARC = YES;
				CLANG_WARN_BOOL_CONVERSION = YES;
				CLANG_WARN_CONSTANT_CONVERSION = YES;
				CLANG_WARN_DIRECT_OBJC_ISA_USAGE = YES_ERROR;
				CLANG_WARN_EMPTY_BODY = YES;
				CLANG_WARN_ENUM_CONVERSION = YES;
				CLANG_WARN_INT_CONVERSION = YES;
				CLANG_WARN_OBJC_ROOT_CLASS = YES_ERROR;
				CLANG_WARN_UNREACHABLE_CODE = YES;
				CLANG_WARN__DUPLICATE_METHOD_MATCH = YES;
				"CODE_SIGN_IDENTITY[sdk=iphoneos*]" = "iPhone Developer";
				COPY_PHASE_STRIP = NO;
				DEBUG_INFORMATION_FORMAT = "dwarf-with-dsym";
				ENABLE_BITCODE = NO;
				ENABLE_STRICT_OBJC_MSGSEND = YES;
				ENABLE_TESTABILITY = YES;
				GCC_C_LANGUAGE_STANDARD = gnu99;
				GCC_DYNAMIC_NO_PIC = NO;
				GCC_NO_COMMON_BLOCKS = YES;
				GCC_OPTIMIZATION_LEVEL = 0;
				GCC_PREPROCESSOR_DEFINITIONS = (
					"DEBUG=1",
					"$(inherited)",
				);
				GCC_SYMBOLS_PRIVATE_EXTERN = NO;
				GCC_WARN_64_TO_32_BIT_CONVERSION = YES;
				GCC_WARN_ABOUT_RETURN_TYPE = YES_ERROR;
				GCC_WARN_UNDECLARED_SELECTOR = YES;
				GCC_WARN_UNINITIALIZED_AUTOS = YES_AGGRESSIVE;
				GCC_WARN_UNUSED_FUNCTION = YES;
				GCC_WARN_UNUSED_VARIABLE = YES;
				IPHONEOS_DEPLOYMENT_TARGET = 8.4;
				MTL_ENABLE_DEBUG_INFO = YES;
				ONLY_ACTIVE_ARCH = YES;
				SDKROOT = iphoneos;
				TARGETED_DEVICE_FAMILY = "1,2";
			};
			name = Debug;
		};
		8F8D478F1B976DB900D902B9 /* Release */ = {
			isa = XCBuildConfiguration;
			buildSettings = {
				ALWAYS_SEARCH_USER_PATHS = NO;
				CLANG_CXX_LANGUAGE_STANDARD = "gnu++0x";
				CLANG_CXX_LIBRARY = "libc++";
				CLANG_ENABLE_MODULES = YES;
				CLANG_ENABLE_OBJC_ARC = YES;
				CLANG_WARN_BOOL_CONVERSION = YES;
				CLANG_WARN_CONSTANT_CONVERSION = YES;
				CLANG_WARN_DIRECT_OBJC_ISA_USAGE = YES_ERROR;
				CLANG_WARN_EMPTY_BODY = YES;
				CLANG_WARN_ENUM_CONVERSION = YES;
				CLANG_WARN_INT_CONVERSION = YES;
				CLANG_WARN_OBJC_ROOT_CLASS = YES_ERROR;
				CLANG_WARN_UNREACHABLE_CODE = YES;
				CLANG_WARN__DUPLICATE_METHOD_MATCH = YES;
				"CODE_SIGN_IDENTITY[sdk=iphoneos*]" = "iPhone Developer";
				COPY_PHASE_STRIP = NO;
				DEBUG_INFORMATION_FORMAT = "dwarf-with-dsym";
				ENABLE_BITCODE = NO;
				ENABLE_NS_ASSERTIONS = NO;
				ENABLE_STRICT_OBJC_MSGSEND = YES;
				GCC_C_LANGUAGE_STANDARD = gnu99;
				GCC_NO_COMMON_BLOCKS = YES;
				GCC_WARN_64_TO_32_BIT_CONVERSION = YES;
				GCC_WARN_ABOUT_RETURN_TYPE = YES_ERROR;
				GCC_WARN_UNDECLARED_SELECTOR = YES;
				GCC_WARN_UNINITIALIZED_AUTOS = YES_AGGRESSIVE;
				GCC_WARN_UNUSED_FUNCTION = YES;
				GCC_WARN_UNUSED_VARIABLE = YES;
				IPHONEOS_DEPLOYMENT_TARGET = 8.4;
				MTL_ENABLE_DEBUG_INFO = NO;
				SDKROOT = iphoneos;
				TARGETED_DEVICE_FAMILY = "1,2";
				VALIDATE_PRODUCT = YES;
			};
			name = Release;
		};
		8F8D47911B976DB900D902B9 /* Debug */ = {
			isa = XCBuildConfiguration;
			baseConfigurationReference = 08A71E57CEBF1AF770B6F58A /* Pods-shoutout.debug.xcconfig */;
			buildSettings = {
				ASSETCATALOG_COMPILER_APPICON_NAME = AppIcon;
				CLANG_ENABLE_MODULES = YES;
				CODE_SIGN_IDENTITY = "iPhone Developer";
				"CODE_SIGN_IDENTITY[sdk=iphoneos*]" = "iPhone Developer";
				DEFINES_MODULE = YES;
				INFOPLIST_FILE = shoutout/Info.plist;
				IPHONEOS_DEPLOYMENT_TARGET = 8.0;
				LD_RUNPATH_SEARCH_PATHS = "$(inherited) @executable_path/Frameworks";
				PRODUCT_BUNDLE_IDENTIFIER = "com.mjmayank.$(PRODUCT_NAME:rfc1034identifier)";
				PRODUCT_NAME = "$(TARGET_NAME)";
				PROVISIONING_PROFILE = "";
				SWIFT_OBJC_BRIDGING_HEADER = "shoutout/shoutout-Bridging-Header.h";
				SWIFT_OPTIMIZATION_LEVEL = "-Onone";
			};
			name = Debug;
		};
		8F8D47921B976DB900D902B9 /* Release */ = {
			isa = XCBuildConfiguration;
			baseConfigurationReference = 97991FF71B916BD671C9AD8E /* Pods-shoutout.release.xcconfig */;
			buildSettings = {
				ASSETCATALOG_COMPILER_APPICON_NAME = AppIcon;
				CLANG_ENABLE_MODULES = YES;
				CODE_SIGN_IDENTITY = "iPhone Developer";
				"CODE_SIGN_IDENTITY[sdk=iphoneos*]" = "iPhone Developer";
				DEFINES_MODULE = YES;
				INFOPLIST_FILE = shoutout/Info.plist;
				IPHONEOS_DEPLOYMENT_TARGET = 8.0;
				LD_RUNPATH_SEARCH_PATHS = "$(inherited) @executable_path/Frameworks";
				PRODUCT_BUNDLE_IDENTIFIER = "com.mjmayank.$(PRODUCT_NAME:rfc1034identifier)";
				PRODUCT_NAME = "$(TARGET_NAME)";
				PROVISIONING_PROFILE = "";
				SWIFT_OBJC_BRIDGING_HEADER = "shoutout/shoutout-Bridging-Header.h";
			};
			name = Release;
		};
		8F8D47941B976DB900D902B9 /* Debug */ = {
			isa = XCBuildConfiguration;
			buildSettings = {
				BUNDLE_LOADER = "$(TEST_HOST)";
				FRAMEWORK_SEARCH_PATHS = (
					"$(SDKROOT)/Developer/Library/Frameworks",
					"$(inherited)",
				);
				GCC_PREPROCESSOR_DEFINITIONS = (
					"DEBUG=1",
					"$(inherited)",
				);
				INFOPLIST_FILE = shoutoutTests/Info.plist;
				LD_RUNPATH_SEARCH_PATHS = "$(inherited) @executable_path/Frameworks @loader_path/Frameworks";
				PRODUCT_BUNDLE_IDENTIFIER = "com.mjmayank.$(PRODUCT_NAME:rfc1034identifier)";
				PRODUCT_NAME = "$(TARGET_NAME)";
				TEST_HOST = "$(BUILT_PRODUCTS_DIR)/shoutout.app/shoutout";
			};
			name = Debug;
		};
		8F8D47951B976DB900D902B9 /* Release */ = {
			isa = XCBuildConfiguration;
			buildSettings = {
				BUNDLE_LOADER = "$(TEST_HOST)";
				FRAMEWORK_SEARCH_PATHS = (
					"$(SDKROOT)/Developer/Library/Frameworks",
					"$(inherited)",
				);
				INFOPLIST_FILE = shoutoutTests/Info.plist;
				LD_RUNPATH_SEARCH_PATHS = "$(inherited) @executable_path/Frameworks @loader_path/Frameworks";
				PRODUCT_BUNDLE_IDENTIFIER = "com.mjmayank.$(PRODUCT_NAME:rfc1034identifier)";
				PRODUCT_NAME = "$(TARGET_NAME)";
				TEST_HOST = "$(BUILT_PRODUCTS_DIR)/shoutout.app/shoutout";
			};
			name = Release;
		};
/* End XCBuildConfiguration section */

/* Begin XCConfigurationList section */
		8F8D47681B976DB900D902B9 /* Build configuration list for PBXProject "shoutout" */ = {
			isa = XCConfigurationList;
			buildConfigurations = (
				8F8D478E1B976DB900D902B9 /* Debug */,
				8F8D478F1B976DB900D902B9 /* Release */,
			);
			defaultConfigurationIsVisible = 0;
			defaultConfigurationName = Release;
		};
		8F8D47901B976DB900D902B9 /* Build configuration list for PBXNativeTarget "shoutout" */ = {
			isa = XCConfigurationList;
			buildConfigurations = (
				8F8D47911B976DB900D902B9 /* Debug */,
				8F8D47921B976DB900D902B9 /* Release */,
			);
			defaultConfigurationIsVisible = 0;
			defaultConfigurationName = Release;
		};
		8F8D47931B976DB900D902B9 /* Build configuration list for PBXNativeTarget "shoutoutTests" */ = {
			isa = XCConfigurationList;
			buildConfigurations = (
				8F8D47941B976DB900D902B9 /* Debug */,
				8F8D47951B976DB900D902B9 /* Release */,
			);
			defaultConfigurationIsVisible = 0;
			defaultConfigurationName = Release;
		};
/* End XCConfigurationList section */
	};
	rootObject = 8F8D47651B976DB900D902B9 /* Project object */;
}
